
Microsoft Visual Studio Solution File, Format Version 12.00
# Visual Studio 2013
VisualStudioVersion = 12.0.21005.1
MinimumVisualStudioVersion = 10.0.40219.1
Project("{FAE04EC0-301F-11D3-BF4B-00C04F79EFBC}") = "ExportModel", "ExportModel\ExportModel.csproj", "{3EE582D9-7382-4B5D-80C8-FA561B49C62C}"
EndProject
Project("{FAE04EC0-301F-11D3-BF4B-00C04F79EFBC}") = "DbModel", "DbModel\DbModel.csproj", "{59C95A5B-ACB6-4CD1-BDBC-E53B7AEE3BE3}"
EndProject
Project("{FAE04EC0-301F-11D3-BF4B-00C04F79EFBC}") = "DbModelTest", "DbModelTest\DbModelTest.csproj", "{02F3CCCF-94A6-484E-9D31-46F3107FC63C}"
EndProject
Global
	GlobalSection(SolutionConfigurationPlatforms) = preSolution
		Debug|Any CPU = Debug|Any CPU
		Release|Any CPU = Release|Any CPU
	EndGlobalSection
	GlobalSection(ProjectConfigurationPlatforms) = postSolution
		{3EE582D9-7382-4B5D-80C8-FA561B49C62C}.Debug|Any CPU.ActiveCfg = Debug|Any CPU
		{3EE582D9-7382-4B5D-80C8-FA561B49C62C}.Debug|Any CPU.Build.0 = Debug|Any CPU
		{3EE582D9-7382-4B5D-80C8-FA561B49C62C}.Release|Any CPU.ActiveCfg = Release|Any CPU
		{3EE582D9-7382-4B5D-80C8-FA561B49C62C}.Release|Any CPU.Build.0 = Release|Any CPU
		{59C95A5B-ACB6-4CD1-BDBC-E53B7AEE3BE3}.Debug|Any CPU.ActiveCfg = Debug|Any CPU
		{59C95A5B-ACB6-4CD1-BDBC-E53B7AEE3BE3}.Debug|Any CPU.Build.0 = Debug|Any CPU
		{59C95A5B-ACB6-4CD1-BDBC-E53B7AEE3BE3}.Release|Any CPU.ActiveCfg = Release|Any CPU
		{59C95A5B-ACB6-4CD1-BDBC-E53B7AEE3BE3}.Release|Any CPU.Build.0 = Release|Any CPU
		{02F3CCCF-94A6-484E-9D31-46F3107FC63C}.Debug|Any CPU.ActiveCfg = Debug|Any CPU
		{02F3CCCF-94A6-484E-9D31-46F3107FC63C}.Debug|Any CPU.Build.0 = Debug|Any CPU
		{02F3CCCF-94A6-484E-9D31-46F3107FC63C}.Release|Any CPU.ActiveCfg = Release|Any CPU
		{02F3CCCF-94A6-484E-9D31-46F3107FC63C}.Release|Any CPU.Build.0 = Release|Any CPU
	EndGlobalSection
	GlobalSection(SolutionProperties) = preSolution
		HideSolutionNode = FALSE
	EndGlobalSection
EndGlobal
